
Microsoft Visual Studio Solution File, Format Version 12.00
# Visual Studio Version 17
VisualStudioVersion = 17.4.33213.308
MinimumVisualStudioVersion = 10.0.40219.1
Project("{FAE04EC0-301F-11D3-BF4B-00C04F79EFBC}") = "QuickSortProyecto", "QuickSortProyecto\QuickSortProyecto.csproj", "{679477CC-581C-41C9-BC11-E50F4A2758EA}"
EndProject
Global
	GlobalSection(SolutionConfigurationPlatforms) = preSolution
		Debug|Any CPU = Debug|Any CPU
		Release|Any CPU = Release|Any CPU
	EndGlobalSection
	GlobalSection(ProjectConfigurationPlatforms) = postSolution
		{679477CC-581C-41C9-BC11-E50F4A2758EA}.Debug|Any CPU.ActiveCfg = Debug|Any CPU
		{679477CC-581C-41C9-BC11-E50F4A2758EA}.Debug|Any CPU.Build.0 = Debug|Any CPU
		{679477CC-581C-41C9-BC11-E50F4A2758EA}.Release|Any CPU.ActiveCfg = Release|Any CPU
		{679477CC-581C-41C9-BC11-E50F4A2758EA}.Release|Any CPU.Build.0 = Release|Any CPU
	EndGlobalSection
	GlobalSection(SolutionProperties) = preSolution
		HideSolutionNode = FALSE
	EndGlobalSection
	GlobalSection(ExtensibilityGlobals) = postSolution
		SolutionGuid = {582414A5-4BA6-4751-8691-E8704429A469}
	EndGlobalSection
EndGlobal
